
Microsoft Visual Studio Solution File, Format Version 12.00
# Visual Studio 15
VisualStudioVersion = 15.0.27130.2027
MinimumVisualStudioVersion = 10.0.40219.1
Project("{8BC9CEB8-8B4A-11D0-8D11-00A0C91BC942}") = "flipbyte", "flipbyte\flipbyte.vcxproj", "{81C81F8E-E58C-48AF-8250-9FB704A5B12F}"
EndProject
Project("{8BC9CEB8-8B4A-11D0-8D11-00A0C91BC942}") = "invert", "invert\invert.vcxproj", "{56CFC035-8682-4911-AC72-0165F73F68AD}"
EndProject
Project("{8BC9CEB8-8B4A-11D0-8D11-00A0C91BC942}") = "multmatrix", "multmatrix\multmatrix.vcxproj", "{F20EDA3D-9B66-4487-AC84-E30D83CFE77F}"
EndProject
Project("{8BC9CEB8-8B4A-11D0-8D11-00A0C91BC942}") = "rotatebyte", "rotatebyte\rotatebyte.vcxproj", "{B56B7EA3-AAEF-4081-AE9F-EDD0899FD1D3}"
EndProject
Project("{8BC9CEB8-8B4A-11D0-8D11-00A0C91BC942}") = "calcbits", "calcbits\calcbits.vcxproj", "{F9198BA7-BE24-4FE2-BFE3-7E3062F2BEF6}"
EndProject
Project("{8BC9CEB8-8B4A-11D0-8D11-00A0C91BC942}") = "copyfile", "copyfile\copyfile.vcxproj", "{91B619D4-9D83-4CB9-B6F9-DAE4A91A2C46}"
EndProject
Project("{8BC9CEB8-8B4A-11D0-8D11-00A0C91BC942}") = "crypt", "crypt\crypt.vcxproj", "{9ABE21E8-2C05-440E-91E7-FB0C574C7E44}"
EndProject
Project("{8BC9CEB8-8B4A-11D0-8D11-00A0C91BC942}") = "Replace", "Replace\Replace.vcxproj", "{27536BA2-EEE2-4BB3-BC77-52C4E22AA99C}"
EndProject
Project("{8BC9CEB8-8B4A-11D0-8D11-00A0C91BC942}") = "radix", "radix\radix.vcxproj", "{16079780-DBD6-4EF5-AD69-43E379610B00}"
EndProject
Project("{8BC9CEB8-8B4A-11D0-8D11-00A0C91BC942}") = "labyrinth", "labyrinth\labyrinth.vcxproj", "{6388E940-54CA-480B-857F-95421F9620A8}"
EndProject
Global
	GlobalSection(SolutionConfigurationPlatforms) = preSolution
		Debug|x64 = Debug|x64
		Debug|x86 = Debug|x86
		Release|x64 = Release|x64
		Release|x86 = Release|x86
	EndGlobalSection
	GlobalSection(ProjectConfigurationPlatforms) = postSolution
		{81C81F8E-E58C-48AF-8250-9FB704A5B12F}.Debug|x64.ActiveCfg = Debug|x64
		{81C81F8E-E58C-48AF-8250-9FB704A5B12F}.Debug|x64.Build.0 = Debug|x64
		{81C81F8E-E58C-48AF-8250-9FB704A5B12F}.Debug|x86.ActiveCfg = Debug|Win32
		{81C81F8E-E58C-48AF-8250-9FB704A5B12F}.Debug|x86.Build.0 = Debug|Win32
		{81C81F8E-E58C-48AF-8250-9FB704A5B12F}.Release|x64.ActiveCfg = Release|x64
		{81C81F8E-E58C-48AF-8250-9FB704A5B12F}.Release|x64.Build.0 = Release|x64
		{81C81F8E-E58C-48AF-8250-9FB704A5B12F}.Release|x86.ActiveCfg = Release|Win32
		{81C81F8E-E58C-48AF-8250-9FB704A5B12F}.Release|x86.Build.0 = Release|Win32
		{56CFC035-8682-4911-AC72-0165F73F68AD}.Debug|x64.ActiveCfg = Debug|x64
		{56CFC035-8682-4911-AC72-0165F73F68AD}.Debug|x64.Build.0 = Debug|x64
		{56CFC035-8682-4911-AC72-0165F73F68AD}.Debug|x86.ActiveCfg = Debug|Win32
		{56CFC035-8682-4911-AC72-0165F73F68AD}.Debug|x86.Build.0 = Debug|Win32
		{56CFC035-8682-4911-AC72-0165F73F68AD}.Release|x64.ActiveCfg = Release|x64
		{56CFC035-8682-4911-AC72-0165F73F68AD}.Release|x64.Build.0 = Release|x64
		{56CFC035-8682-4911-AC72-0165F73F68AD}.Release|x86.ActiveCfg = Release|Win32
		{56CFC035-8682-4911-AC72-0165F73F68AD}.Release|x86.Build.0 = Release|Win32
		{F20EDA3D-9B66-4487-AC84-E30D83CFE77F}.Debug|x64.ActiveCfg = Debug|x64
		{F20EDA3D-9B66-4487-AC84-E30D83CFE77F}.Debug|x64.Build.0 = Debug|x64
		{F20EDA3D-9B66-4487-AC84-E30D83CFE77F}.Debug|x86.ActiveCfg = Debug|Win32
		{F20EDA3D-9B66-4487-AC84-E30D83CFE77F}.Debug|x86.Build.0 = Debug|Win32
		{F20EDA3D-9B66-4487-AC84-E30D83CFE77F}.Release|x64.ActiveCfg = Release|x64
		{F20EDA3D-9B66-4487-AC84-E30D83CFE77F}.Release|x64.Build.0 = Release|x64
		{F20EDA3D-9B66-4487-AC84-E30D83CFE77F}.Release|x86.ActiveCfg = Release|Win32
		{F20EDA3D-9B66-4487-AC84-E30D83CFE77F}.Release|x86.Build.0 = Release|Win32
		{B56B7EA3-AAEF-4081-AE9F-EDD0899FD1D3}.Debug|x64.ActiveCfg = Debug|x64
		{B56B7EA3-AAEF-4081-AE9F-EDD0899FD1D3}.Debug|x64.Build.0 = Debug|x64
		{B56B7EA3-AAEF-4081-AE9F-EDD0899FD1D3}.Debug|x86.ActiveCfg = Debug|Win32
		{B56B7EA3-AAEF-4081-AE9F-EDD0899FD1D3}.Debug|x86.Build.0 = Debug|Win32
		{B56B7EA3-AAEF-4081-AE9F-EDD0899FD1D3}.Release|x64.ActiveCfg = Release|x64
		{B56B7EA3-AAEF-4081-AE9F-EDD0899FD1D3}.Release|x64.Build.0 = Release|x64
		{B56B7EA3-AAEF-4081-AE9F-EDD0899FD1D3}.Release|x86.ActiveCfg = Release|Win32
		{B56B7EA3-AAEF-4081-AE9F-EDD0899FD1D3}.Release|x86.Build.0 = Release|Win32
		{F9198BA7-BE24-4FE2-BFE3-7E3062F2BEF6}.Debug|x64.ActiveCfg = Debug|x64
		{F9198BA7-BE24-4FE2-BFE3-7E3062F2BEF6}.Debug|x64.Build.0 = Debug|x64
		{F9198BA7-BE24-4FE2-BFE3-7E3062F2BEF6}.Debug|x86.ActiveCfg = Debug|Win32
		{F9198BA7-BE24-4FE2-BFE3-7E3062F2BEF6}.Debug|x86.Build.0 = Debug|Win32
		{F9198BA7-BE24-4FE2-BFE3-7E3062F2BEF6}.Release|x64.ActiveCfg = Release|x64
		{F9198BA7-BE24-4FE2-BFE3-7E3062F2BEF6}.Release|x64.Build.0 = Release|x64
		{F9198BA7-BE24-4FE2-BFE3-7E3062F2BEF6}.Release|x86.ActiveCfg = Release|Win32
		{F9198BA7-BE24-4FE2-BFE3-7E3062F2BEF6}.Release|x86.Build.0 = Release|Win32
		{91B619D4-9D83-4CB9-B6F9-DAE4A91A2C46}.Debug|x64.ActiveCfg = Debug|x64
		{91B619D4-9D83-4CB9-B6F9-DAE4A91A2C46}.Debug|x64.Build.0 = Debug|x64
		{91B619D4-9D83-4CB9-B6F9-DAE4A91A2C46}.Debug|x86.ActiveCfg = Debug|Win32
		{91B619D4-9D83-4CB9-B6F9-DAE4A91A2C46}.Debug|x86.Build.0 = Debug|Win32
		{91B619D4-9D83-4CB9-B6F9-DAE4A91A2C46}.Release|x64.ActiveCfg = Release|x64
		{91B619D4-9D83-4CB9-B6F9-DAE4A91A2C46}.Release|x64.Build.0 = Release|x64
		{91B619D4-9D83-4CB9-B6F9-DAE4A91A2C46}.Release|x86.ActiveCfg = Release|Win32
		{91B619D4-9D83-4CB9-B6F9-DAE4A91A2C46}.Release|x86.Build.0 = Release|Win32
		{9ABE21E8-2C05-440E-91E7-FB0C574C7E44}.Debug|x64.ActiveCfg = Debug|x64
		{9ABE21E8-2C05-440E-91E7-FB0C574C7E44}.Debug|x64.Build.0 = Debug|x64
		{9ABE21E8-2C05-440E-91E7-FB0C574C7E44}.Debug|x86.ActiveCfg = Debug|Win32
		{9ABE21E8-2C05-440E-91E7-FB0C574C7E44}.Debug|x86.Build.0 = Debug|Win32
		{9ABE21E8-2C05-440E-91E7-FB0C574C7E44}.Release|x64.ActiveCfg = Release|x64
		{9ABE21E8-2C05-440E-91E7-FB0C574C7E44}.Release|x64.Build.0 = Release|x64
		{9ABE21E8-2C05-440E-91E7-FB0C574C7E44}.Release|x86.ActiveCfg = Release|Win32
		{9ABE21E8-2C05-440E-91E7-FB0C574C7E44}.Release|x86.Build.0 = Release|Win32
		{27536BA2-EEE2-4BB3-BC77-52C4E22AA99C}.Debug|x64.ActiveCfg = Debug|x64
		{27536BA2-EEE2-4BB3-BC77-52C4E22AA99C}.Debug|x64.Build.0 = Debug|x64
		{27536BA2-EEE2-4BB3-BC77-52C4E22AA99C}.Debug|x86.ActiveCfg = Debug|Win32
		{27536BA2-EEE2-4BB3-BC77-52C4E22AA99C}.Debug|x86.Build.0 = Debug|Win32
		{27536BA2-EEE2-4BB3-BC77-52C4E22AA99C}.Release|x64.ActiveCfg = Release|x64
		{27536BA2-EEE2-4BB3-BC77-52C4E22AA99C}.Release|x64.Build.0 = Release|x64
		{27536BA2-EEE2-4BB3-BC77-52C4E22AA99C}.Release|x86.ActiveCfg = Release|Win32
		{27536BA2-EEE2-4BB3-BC77-52C4E22AA99C}.Release|x86.Build.0 = Release|Win32
		{16079780-DBD6-4EF5-AD69-43E379610B00}.Debug|x64.ActiveCfg = Debug|x64
		{16079780-DBD6-4EF5-AD69-43E379610B00}.Debug|x64.Build.0 = Debug|x64
		{16079780-DBD6-4EF5-AD69-43E379610B00}.Debug|x86.ActiveCfg = Debug|Win32
		{16079780-DBD6-4EF5-AD69-43E379610B00}.Debug|x86.Build.0 = Debug|Win32
		{16079780-DBD6-4EF5-AD69-43E379610B00}.Release|x64.ActiveCfg = Release|x64
		{16079780-DBD6-4EF5-AD69-43E379610B00}.Release|x64.Build.0 = Release|x64
		{16079780-DBD6-4EF5-AD69-43E379610B00}.Release|x86.ActiveCfg = Release|Win32
		{16079780-DBD6-4EF5-AD69-43E379610B00}.Release|x86.Build.0 = Release|Win32
		{6388E940-54CA-480B-857F-95421F9620A8}.Debug|x64.ActiveCfg = Debug|x64
		{6388E940-54CA-480B-857F-95421F9620A8}.Debug|x64.Build.0 = Debug|x64
		{6388E940-54CA-480B-857F-95421F9620A8}.Debug|x86.ActiveCfg = Debug|Win32
		{6388E940-54CA-480B-857F-95421F9620A8}.Debug|x86.Build.0 = Debug|Win32
		{6388E940-54CA-480B-857F-95421F9620A8}.Release|x64.ActiveCfg = Release|x64
		{6388E940-54CA-480B-857F-95421F9620A8}.Release|x64.Build.0 = Release|x64
		{6388E940-54CA-480B-857F-95421F9620A8}.Release|x86.ActiveCfg = Release|Win32
		{6388E940-54CA-480B-857F-95421F9620A8}.Release|x86.Build.0 = Release|Win32
	EndGlobalSection
	GlobalSection(SolutionProperties) = preSolution
		HideSolutionNode = FALSE
	EndGlobalSection
	GlobalSection(ExtensibilityGlobals) = postSolution
		SolutionGuid = {B9CF54ED-04F3-41EA-9CEC-E3A4683C1123}
	EndGlobalSection
EndGlobal
