
Microsoft Visual Studio Solution File, Format Version 12.00
# Visual Studio 15
VisualStudioVersion = 15.0.28307.539
MinimumVisualStudioVersion = 10.0.40219.1
Project("{8BC9CEB8-8B4A-11D0-8D11-00A0C91BC942}") = "shape", "shape\shape.vcxproj", "{CE3213E2-C0A9-4BBF-A717-AB10C1FA6EA8}"
EndProject
Project("{8BC9CEB8-8B4A-11D0-8D11-00A0C91BC942}") = "shapeTest", "shapeTest\shapeTest.vcxproj", "{242F140C-1ACD-4B24-85D4-DCE4322FA70F}"
EndProject
Global
	GlobalSection(SolutionConfigurationPlatforms) = preSolution
		Debug|x64 = Debug|x64
		Debug|x86 = Debug|x86
		Release|x64 = Release|x64
		Release|x86 = Release|x86
	EndGlobalSection
	GlobalSection(ProjectConfigurationPlatforms) = postSolution
		{CE3213E2-C0A9-4BBF-A717-AB10C1FA6EA8}.Debug|x64.ActiveCfg = Debug|x64
		{CE3213E2-C0A9-4BBF-A717-AB10C1FA6EA8}.Debug|x64.Build.0 = Debug|x64
		{CE3213E2-C0A9-4BBF-A717-AB10C1FA6EA8}.Debug|x86.ActiveCfg = Debug|Win32
		{CE3213E2-C0A9-4BBF-A717-AB10C1FA6EA8}.Debug|x86.Build.0 = Debug|Win32
		{CE3213E2-C0A9-4BBF-A717-AB10C1FA6EA8}.Release|x64.ActiveCfg = Release|x64
		{CE3213E2-C0A9-4BBF-A717-AB10C1FA6EA8}.Release|x64.Build.0 = Release|x64
		{CE3213E2-C0A9-4BBF-A717-AB10C1FA6EA8}.Release|x86.ActiveCfg = Release|Win32
		{CE3213E2-C0A9-4BBF-A717-AB10C1FA6EA8}.Release|x86.Build.0 = Release|Win32
		{242F140C-1ACD-4B24-85D4-DCE4322FA70F}.Debug|x64.ActiveCfg = Debug|x64
		{242F140C-1ACD-4B24-85D4-DCE4322FA70F}.Debug|x64.Build.0 = Debug|x64
		{242F140C-1ACD-4B24-85D4-DCE4322FA70F}.Debug|x86.ActiveCfg = Debug|Win32
		{242F140C-1ACD-4B24-85D4-DCE4322FA70F}.Debug|x86.Build.0 = Debug|Win32
		{242F140C-1ACD-4B24-85D4-DCE4322FA70F}.Release|x64.ActiveCfg = Release|x64
		{242F140C-1ACD-4B24-85D4-DCE4322FA70F}.Release|x64.Build.0 = Release|x64
		{242F140C-1ACD-4B24-85D4-DCE4322FA70F}.Release|x86.ActiveCfg = Release|Win32
		{242F140C-1ACD-4B24-85D4-DCE4322FA70F}.Release|x86.Build.0 = Release|Win32
	EndGlobalSection
	GlobalSection(SolutionProperties) = preSolution
		HideSolutionNode = FALSE
	EndGlobalSection
	GlobalSection(ExtensibilityGlobals) = postSolution
		SolutionGuid = {C350A10B-4DAA-4857-AFFD-5B23B0D23600}
	EndGlobalSection
EndGlobal
