
Microsoft Visual Studio Solution File, Format Version 12.00
# Visual Studio 15
VisualStudioVersion = 15.0.27428.2002
MinimumVisualStudioVersion = 10.0.40219.1
Project("{8BC9CEB8-8B4A-11D0-8D11-00A0C91BC942}") = "PrimeNumbers", "PrimeNumbers\PrimeNumbers.vcxproj", "{116BCB9F-CC2A-45D1-AF3D-47FFFA50AE17}"
EndProject
Project("{8BC9CEB8-8B4A-11D0-8D11-00A0C91BC942}") = "vector", "vector\vector.vcxproj", "{4AFE47E8-CC51-4B6E-87C4-8A5B2C0ABF05}"
EndProject
Project("{8BC9CEB8-8B4A-11D0-8D11-00A0C91BC942}") = "vectorTest", "vectorTest\vectorTest.vcxproj", "{6F44AAC8-99C1-488C-A81B-1E00A9A7DE87}"
EndProject
Project("{8BC9CEB8-8B4A-11D0-8D11-00A0C91BC942}") = "dictionary", "dictionary\dictionary.vcxproj", "{79EB78B0-5AE9-43CD-B00C-B54ABA3DC971}"
EndProject
Project("{8BC9CEB8-8B4A-11D0-8D11-00A0C91BC942}") = "dictionaryTest", "dictionaryTest\dictionaryTest.vcxproj", "{7C0835D3-B958-4F41-888C-464DD9454660}"
EndProject
Global
	GlobalSection(SolutionConfigurationPlatforms) = preSolution
		Debug|x64 = Debug|x64
		Debug|x86 = Debug|x86
		Release|x64 = Release|x64
		Release|x86 = Release|x86
	EndGlobalSection
	GlobalSection(ProjectConfigurationPlatforms) = postSolution
		{116BCB9F-CC2A-45D1-AF3D-47FFFA50AE17}.Debug|x64.ActiveCfg = Debug|x64
		{116BCB9F-CC2A-45D1-AF3D-47FFFA50AE17}.Debug|x64.Build.0 = Debug|x64
		{116BCB9F-CC2A-45D1-AF3D-47FFFA50AE17}.Debug|x86.ActiveCfg = Debug|Win32
		{116BCB9F-CC2A-45D1-AF3D-47FFFA50AE17}.Debug|x86.Build.0 = Debug|Win32
		{116BCB9F-CC2A-45D1-AF3D-47FFFA50AE17}.Release|x64.ActiveCfg = Release|x64
		{116BCB9F-CC2A-45D1-AF3D-47FFFA50AE17}.Release|x64.Build.0 = Release|x64
		{116BCB9F-CC2A-45D1-AF3D-47FFFA50AE17}.Release|x86.ActiveCfg = Release|Win32
		{116BCB9F-CC2A-45D1-AF3D-47FFFA50AE17}.Release|x86.Build.0 = Release|Win32
		{4AFE47E8-CC51-4B6E-87C4-8A5B2C0ABF05}.Debug|x64.ActiveCfg = Debug|x64
		{4AFE47E8-CC51-4B6E-87C4-8A5B2C0ABF05}.Debug|x64.Build.0 = Debug|x64
		{4AFE47E8-CC51-4B6E-87C4-8A5B2C0ABF05}.Debug|x86.ActiveCfg = Debug|Win32
		{4AFE47E8-CC51-4B6E-87C4-8A5B2C0ABF05}.Debug|x86.Build.0 = Debug|Win32
		{4AFE47E8-CC51-4B6E-87C4-8A5B2C0ABF05}.Release|x64.ActiveCfg = Release|x64
		{4AFE47E8-CC51-4B6E-87C4-8A5B2C0ABF05}.Release|x64.Build.0 = Release|x64
		{4AFE47E8-CC51-4B6E-87C4-8A5B2C0ABF05}.Release|x86.ActiveCfg = Release|Win32
		{4AFE47E8-CC51-4B6E-87C4-8A5B2C0ABF05}.Release|x86.Build.0 = Release|Win32
		{6F44AAC8-99C1-488C-A81B-1E00A9A7DE87}.Debug|x64.ActiveCfg = Debug|x64
		{6F44AAC8-99C1-488C-A81B-1E00A9A7DE87}.Debug|x64.Build.0 = Debug|x64
		{6F44AAC8-99C1-488C-A81B-1E00A9A7DE87}.Debug|x86.ActiveCfg = Debug|Win32
		{6F44AAC8-99C1-488C-A81B-1E00A9A7DE87}.Debug|x86.Build.0 = Debug|Win32
		{6F44AAC8-99C1-488C-A81B-1E00A9A7DE87}.Release|x64.ActiveCfg = Release|x64
		{6F44AAC8-99C1-488C-A81B-1E00A9A7DE87}.Release|x64.Build.0 = Release|x64
		{6F44AAC8-99C1-488C-A81B-1E00A9A7DE87}.Release|x86.ActiveCfg = Release|Win32
		{6F44AAC8-99C1-488C-A81B-1E00A9A7DE87}.Release|x86.Build.0 = Release|Win32
		{79EB78B0-5AE9-43CD-B00C-B54ABA3DC971}.Debug|x64.ActiveCfg = Debug|x64
		{79EB78B0-5AE9-43CD-B00C-B54ABA3DC971}.Debug|x64.Build.0 = Debug|x64
		{79EB78B0-5AE9-43CD-B00C-B54ABA3DC971}.Debug|x86.ActiveCfg = Debug|Win32
		{79EB78B0-5AE9-43CD-B00C-B54ABA3DC971}.Debug|x86.Build.0 = Debug|Win32
		{79EB78B0-5AE9-43CD-B00C-B54ABA3DC971}.Release|x64.ActiveCfg = Release|x64
		{79EB78B0-5AE9-43CD-B00C-B54ABA3DC971}.Release|x64.Build.0 = Release|x64
		{79EB78B0-5AE9-43CD-B00C-B54ABA3DC971}.Release|x86.ActiveCfg = Release|Win32
		{79EB78B0-5AE9-43CD-B00C-B54ABA3DC971}.Release|x86.Build.0 = Release|Win32
		{7C0835D3-B958-4F41-888C-464DD9454660}.Debug|x64.ActiveCfg = Debug|x64
		{7C0835D3-B958-4F41-888C-464DD9454660}.Debug|x64.Build.0 = Debug|x64
		{7C0835D3-B958-4F41-888C-464DD9454660}.Debug|x86.ActiveCfg = Debug|Win32
		{7C0835D3-B958-4F41-888C-464DD9454660}.Debug|x86.Build.0 = Debug|Win32
		{7C0835D3-B958-4F41-888C-464DD9454660}.Release|x64.ActiveCfg = Release|x64
		{7C0835D3-B958-4F41-888C-464DD9454660}.Release|x64.Build.0 = Release|x64
		{7C0835D3-B958-4F41-888C-464DD9454660}.Release|x86.ActiveCfg = Release|Win32
		{7C0835D3-B958-4F41-888C-464DD9454660}.Release|x86.Build.0 = Release|Win32
	EndGlobalSection
	GlobalSection(SolutionProperties) = preSolution
		HideSolutionNode = FALSE
	EndGlobalSection
	GlobalSection(ExtensibilityGlobals) = postSolution
		SolutionGuid = {65D65E0F-2BA7-4349-8D42-E739EFDD0CEB}
	EndGlobalSection
EndGlobal
